
Microsoft Visual Studio Solution File, Format Version 12.00
# Visual Studio 15
VisualStudioVersion = 15.0.26228.4
MinimumVisualStudioVersion = 10.0.40219.1
Project("{FAE04EC0-301F-11D3-BF4B-00C04F79EFBC}") = "Assignment1-Api", "Assignment1-Api\Assignment1-Api.csproj", "{0EBC6483-6588-4BCC-B466-080DDC061C7E}"
EndProject
Project("{FAE04EC0-301F-11D3-BF4B-00C04F79EFBC}") = "Assignment1_Test", "Assignment1_Test\Assignment1_Test.csproj", "{7EF9625E-57E0-4546-8933-4302E1E9570E}"
EndProject
Global
	GlobalSection(SolutionConfigurationPlatforms) = preSolution
		Debug|Any CPU = Debug|Any CPU
		Release|Any CPU = Release|Any CPU
	EndGlobalSection
	GlobalSection(ProjectConfigurationPlatforms) = postSolution
		{0EBC6483-6588-4BCC-B466-080DDC061C7E}.Debug|Any CPU.ActiveCfg = Debug|Any CPU
		{0EBC6483-6588-4BCC-B466-080DDC061C7E}.Debug|Any CPU.Build.0 = Debug|Any CPU
		{0EBC6483-6588-4BCC-B466-080DDC061C7E}.Release|Any CPU.ActiveCfg = Release|Any CPU
		{0EBC6483-6588-4BCC-B466-080DDC061C7E}.Release|Any CPU.Build.0 = Release|Any CPU
		{7EF9625E-57E0-4546-8933-4302E1E9570E}.Debug|Any CPU.ActiveCfg = Debug|Any CPU
		{7EF9625E-57E0-4546-8933-4302E1E9570E}.Debug|Any CPU.Build.0 = Debug|Any CPU
		{7EF9625E-57E0-4546-8933-4302E1E9570E}.Release|Any CPU.ActiveCfg = Release|Any CPU
		{7EF9625E-57E0-4546-8933-4302E1E9570E}.Release|Any CPU.Build.0 = Release|Any CPU
	EndGlobalSection
	GlobalSection(SolutionProperties) = preSolution
		HideSolutionNode = FALSE
	EndGlobalSection
EndGlobal
